
Microsoft Visual Studio Solution File, Format Version 12.00
# Visual Studio Version 16
VisualStudioVersion = 16.0.28803.352
MinimumVisualStudioVersion = 10.0.40219.1
Project("{2150E333-8FDC-42A3-9474-1A3956D46DE8}") = "1) UI", "1) UI", "{568B6699-55AE-4C78-AEF8-4EBD197D39A8}"
EndProject
Project("{2150E333-8FDC-42A3-9474-1A3956D46DE8}") = "2) Application", "2) Application", "{10D22537-045E-4F3A-A6ED-52AB5ACCC4AA}"
EndProject
Project("{2150E333-8FDC-42A3-9474-1A3956D46DE8}") = "3) Domain", "3) Domain", "{590C42C0-E7F6-4349-A0DE-9434F74A520F}"
EndProject
Project("{2150E333-8FDC-42A3-9474-1A3956D46DE8}") = "4) Infrastructure", "4) Infrastructure", "{926B4C45-038A-49F5-9EBF-E785F94C384E}"
EndProject
Project("{2150E333-8FDC-42A3-9474-1A3956D46DE8}") = "5) Test", "5) Test", "{CF8465C9-28AC-48C7-AAA2-D3E3C6B532F5}"
EndProject
Project("{2150E333-8FDC-42A3-9474-1A3956D46DE8}") = "CrossCutting", "CrossCutting", "{CE5833AA-ED25-41F6-9F6D-1A06A926A4A3}"
EndProject
Project("{2150E333-8FDC-42A3-9474-1A3956D46DE8}") = "Data", "Data", "{A3CFE439-49AA-4E8D-A760-1ED82D43127E}"
EndProject
Project("{2150E333-8FDC-42A3-9474-1A3956D46DE8}") = "Domain - Test", "Domain - Test", "{21A9E520-1990-4C0E-8E08-D2341177FDB1}"
EndProject
Project("{2150E333-8FDC-42A3-9474-1A3956D46DE8}") = "Application - Test", "Application - Test", "{1C094F49-855A-4DED-9089-3C3323169CBC}"
EndProject
Project("{9A19103F-16F7-4668-BE54-9A1E7A4F7556}") = "POC.Domain.Core", "Domain\POC.Domain.Core\POC.Domain.Core.csproj", "{B3C14660-A618-440E-A076-EFA053DFEB83}"
EndProject
Project("{9A19103F-16F7-4668-BE54-9A1E7A4F7556}") = "Poc.CrossCutting.Bus", "Infrastructure\Poc.CrossCutting.Bus\Poc.CrossCutting.Bus.csproj", "{DDC0DE80-0338-4092-98E5-5E2596C2AF60}"
EndProject
Project("{9A19103F-16F7-4668-BE54-9A1E7A4F7556}") = "POC.Application", "Application\POC.Application\POC.Application.csproj", "{56649A63-BC3A-4F27-AB8C-9A4CDA596CA5}"
EndProject
Project("{9A19103F-16F7-4668-BE54-9A1E7A4F7556}") = "Poc.CrossCutting.Serilog", "Infrastructure\Poc.CrossCutting.Serilog\Poc.CrossCutting.Serilog.csproj", "{6AE00EDF-55B6-47F6-AF8E-75125D32BF46}"
EndProject
Project("{9A19103F-16F7-4668-BE54-9A1E7A4F7556}") = "Poc.Infra.CrossCuting.IoC", "Infrastructure\Poc.Infra.CrossCuting.IoC\Poc.Infra.CrossCuting.IoC.csproj", "{E1162835-47A1-4F75-9187-DED947787865}"
EndProject
Project("{9A19103F-16F7-4668-BE54-9A1E7A4F7556}") = "Poc.Infra.CrossCutting.Identity", "Infrastructure\Poc.Infra.CrossCutting.Identity\Poc.Infra.CrossCutting.Identity.csproj", "{FA385127-0422-4A9E-937C-5A12A35EA6A1}"
EndProject
Project("{9A19103F-16F7-4668-BE54-9A1E7A4F7556}") = "Poc.Data", "Infrastructure\Poc.Data\Poc.Data.csproj", "{800AB347-972F-4483-A80B-2A474869F14F}"
EndProject
Project("{9A19103F-16F7-4668-BE54-9A1E7A4F7556}") = "Poc.Application.Tests", "Test\Poc.Application.Tests\Poc.Application.Tests.csproj", "{4D66F65E-DA5D-4BDB-9231-DE751D6C2752}"
EndProject
Project("{9A19103F-16F7-4668-BE54-9A1E7A4F7556}") = "Poc.Core.Test", "Test\Poc.Core.Test\Poc.Core.Test.csproj", "{C8058082-B1D7-4D4E-8951-81F24CBA3526}"
EndProject
Project("{9A19103F-16F7-4668-BE54-9A1E7A4F7556}") = "Poc.WebApi", "UI\Poc.WebApi\Poc.WebApi.csproj", "{8C6ABBA7-DCAB-401B-A9B3-8A15CD3A680B}"
EndProject
Global
	GlobalSection(SolutionConfigurationPlatforms) = preSolution
		Debug|Any CPU = Debug|Any CPU
		Release|Any CPU = Release|Any CPU
	EndGlobalSection
	GlobalSection(ProjectConfigurationPlatforms) = postSolution
		{B3C14660-A618-440E-A076-EFA053DFEB83}.Debug|Any CPU.ActiveCfg = Debug|Any CPU
		{B3C14660-A618-440E-A076-EFA053DFEB83}.Debug|Any CPU.Build.0 = Debug|Any CPU
		{B3C14660-A618-440E-A076-EFA053DFEB83}.Release|Any CPU.ActiveCfg = Release|Any CPU
		{B3C14660-A618-440E-A076-EFA053DFEB83}.Release|Any CPU.Build.0 = Release|Any CPU
		{DDC0DE80-0338-4092-98E5-5E2596C2AF60}.Debug|Any CPU.ActiveCfg = Debug|Any CPU
		{DDC0DE80-0338-4092-98E5-5E2596C2AF60}.Debug|Any CPU.Build.0 = Debug|Any CPU
		{DDC0DE80-0338-4092-98E5-5E2596C2AF60}.Release|Any CPU.ActiveCfg = Release|Any CPU
		{DDC0DE80-0338-4092-98E5-5E2596C2AF60}.Release|Any CPU.Build.0 = Release|Any CPU
		{56649A63-BC3A-4F27-AB8C-9A4CDA596CA5}.Debug|Any CPU.ActiveCfg = Debug|Any CPU
		{56649A63-BC3A-4F27-AB8C-9A4CDA596CA5}.Debug|Any CPU.Build.0 = Debug|Any CPU
		{56649A63-BC3A-4F27-AB8C-9A4CDA596CA5}.Release|Any CPU.ActiveCfg = Release|Any CPU
		{56649A63-BC3A-4F27-AB8C-9A4CDA596CA5}.Release|Any CPU.Build.0 = Release|Any CPU
		{6AE00EDF-55B6-47F6-AF8E-75125D32BF46}.Debug|Any CPU.ActiveCfg = Debug|Any CPU
		{6AE00EDF-55B6-47F6-AF8E-75125D32BF46}.Debug|Any CPU.Build.0 = Debug|Any CPU
		{6AE00EDF-55B6-47F6-AF8E-75125D32BF46}.Release|Any CPU.ActiveCfg = Release|Any CPU
		{6AE00EDF-55B6-47F6-AF8E-75125D32BF46}.Release|Any CPU.Build.0 = Release|Any CPU
		{E1162835-47A1-4F75-9187-DED947787865}.Debug|Any CPU.ActiveCfg = Debug|Any CPU
		{E1162835-47A1-4F75-9187-DED947787865}.Debug|Any CPU.Build.0 = Debug|Any CPU
		{E1162835-47A1-4F75-9187-DED947787865}.Release|Any CPU.ActiveCfg = Release|Any CPU
		{E1162835-47A1-4F75-9187-DED947787865}.Release|Any CPU.Build.0 = Release|Any CPU
		{FA385127-0422-4A9E-937C-5A12A35EA6A1}.Debug|Any CPU.ActiveCfg = Debug|Any CPU
		{FA385127-0422-4A9E-937C-5A12A35EA6A1}.Debug|Any CPU.Build.0 = Debug|Any CPU
		{FA385127-0422-4A9E-937C-5A12A35EA6A1}.Release|Any CPU.ActiveCfg = Release|Any CPU
		{FA385127-0422-4A9E-937C-5A12A35EA6A1}.Release|Any CPU.Build.0 = Release|Any CPU
		{800AB347-972F-4483-A80B-2A474869F14F}.Debug|Any CPU.ActiveCfg = Debug|Any CPU
		{800AB347-972F-4483-A80B-2A474869F14F}.Debug|Any CPU.Build.0 = Debug|Any CPU
		{800AB347-972F-4483-A80B-2A474869F14F}.Release|Any CPU.ActiveCfg = Release|Any CPU
		{800AB347-972F-4483-A80B-2A474869F14F}.Release|Any CPU.Build.0 = Release|Any CPU
		{4D66F65E-DA5D-4BDB-9231-DE751D6C2752}.Debug|Any CPU.ActiveCfg = Debug|Any CPU
		{4D66F65E-DA5D-4BDB-9231-DE751D6C2752}.Debug|Any CPU.Build.0 = Debug|Any CPU
		{4D66F65E-DA5D-4BDB-9231-DE751D6C2752}.Release|Any CPU.ActiveCfg = Release|Any CPU
		{4D66F65E-DA5D-4BDB-9231-DE751D6C2752}.Release|Any CPU.Build.0 = Release|Any CPU
		{C8058082-B1D7-4D4E-8951-81F24CBA3526}.Debug|Any CPU.ActiveCfg = Debug|Any CPU
		{C8058082-B1D7-4D4E-8951-81F24CBA3526}.Debug|Any CPU.Build.0 = Debug|Any CPU
		{C8058082-B1D7-4D4E-8951-81F24CBA3526}.Release|Any CPU.ActiveCfg = Release|Any CPU
		{C8058082-B1D7-4D4E-8951-81F24CBA3526}.Release|Any CPU.Build.0 = Release|Any CPU
		{8C6ABBA7-DCAB-401B-A9B3-8A15CD3A680B}.Debug|Any CPU.ActiveCfg = Debug|Any CPU
		{8C6ABBA7-DCAB-401B-A9B3-8A15CD3A680B}.Debug|Any CPU.Build.0 = Debug|Any CPU
		{8C6ABBA7-DCAB-401B-A9B3-8A15CD3A680B}.Release|Any CPU.ActiveCfg = Release|Any CPU
		{8C6ABBA7-DCAB-401B-A9B3-8A15CD3A680B}.Release|Any CPU.Build.0 = Release|Any CPU
	EndGlobalSection
	GlobalSection(SolutionProperties) = preSolution
		HideSolutionNode = FALSE
	EndGlobalSection
	GlobalSection(NestedProjects) = preSolution
		{CE5833AA-ED25-41F6-9F6D-1A06A926A4A3} = {926B4C45-038A-49F5-9EBF-E785F94C384E}
		{A3CFE439-49AA-4E8D-A760-1ED82D43127E} = {926B4C45-038A-49F5-9EBF-E785F94C384E}
		{21A9E520-1990-4C0E-8E08-D2341177FDB1} = {CF8465C9-28AC-48C7-AAA2-D3E3C6B532F5}
		{1C094F49-855A-4DED-9089-3C3323169CBC} = {CF8465C9-28AC-48C7-AAA2-D3E3C6B532F5}
		{B3C14660-A618-440E-A076-EFA053DFEB83} = {590C42C0-E7F6-4349-A0DE-9434F74A520F}
		{DDC0DE80-0338-4092-98E5-5E2596C2AF60} = {CE5833AA-ED25-41F6-9F6D-1A06A926A4A3}
		{56649A63-BC3A-4F27-AB8C-9A4CDA596CA5} = {10D22537-045E-4F3A-A6ED-52AB5ACCC4AA}
		{6AE00EDF-55B6-47F6-AF8E-75125D32BF46} = {CE5833AA-ED25-41F6-9F6D-1A06A926A4A3}
		{E1162835-47A1-4F75-9187-DED947787865} = {CE5833AA-ED25-41F6-9F6D-1A06A926A4A3}
		{FA385127-0422-4A9E-937C-5A12A35EA6A1} = {CE5833AA-ED25-41F6-9F6D-1A06A926A4A3}
		{800AB347-972F-4483-A80B-2A474869F14F} = {A3CFE439-49AA-4E8D-A760-1ED82D43127E}
		{4D66F65E-DA5D-4BDB-9231-DE751D6C2752} = {1C094F49-855A-4DED-9089-3C3323169CBC}
		{C8058082-B1D7-4D4E-8951-81F24CBA3526} = {21A9E520-1990-4C0E-8E08-D2341177FDB1}
		{8C6ABBA7-DCAB-401B-A9B3-8A15CD3A680B} = {568B6699-55AE-4C78-AEF8-4EBD197D39A8}
	EndGlobalSection
	GlobalSection(ExtensibilityGlobals) = postSolution
		SolutionGuid = {CBD7A73E-F5AA-46D3-9A1A-D4C807B2BD13}
	EndGlobalSection
EndGlobal
